
Microsoft Visual Studio Solution File, Format Version 12.00
# Visual Studio 2012
Project("{E24C65DC-7377-472B-9ABA-BC803B73C61A}") = "admin", "admin\", "{AF21E6A8-7695-447B-A97B-00C0D7A9B0ED}"
	ProjectSection(WebsiteProperties) = preProject
		TargetFrameworkMoniker = ".NETFramework,Version%3Dv4.5"
		Debug.AspNetCompiler.VirtualPath = "/admin"
		Debug.AspNetCompiler.PhysicalPath = "admin\"
		Debug.AspNetCompiler.TargetPath = "PrecompiledWeb\admin\"
		Debug.AspNetCompiler.Updateable = "true"
		Debug.AspNetCompiler.ForceOverwrite = "true"
		Debug.AspNetCompiler.FixedNames = "false"
		Debug.AspNetCompiler.Debug = "True"
		Release.AspNetCompiler.VirtualPath = "/admin"
		Release.AspNetCompiler.PhysicalPath = "admin\"
		Release.AspNetCompiler.TargetPath = "PrecompiledWeb\admin\"
		Release.AspNetCompiler.Updateable = "true"
		Release.AspNetCompiler.ForceOverwrite = "true"
		Release.AspNetCompiler.FixedNames = "false"
		Release.AspNetCompiler.Debug = "False"
		VWDPort = "4878"
	EndProjectSection
EndProject
Project("{E24C65DC-7377-472B-9ABA-BC803B73C61A}") = "nuke", "nuke\", "{487F48D2-7862-4CED-8EF6-A334E43E0AC4}"
	ProjectSection(WebsiteProperties) = preProject
		TargetFrameworkMoniker = ".NETFramework,Version%3Dv4.5"
		Debug.AspNetCompiler.VirtualPath = "/nuke"
		Debug.AspNetCompiler.PhysicalPath = "nuke\"
		Debug.AspNetCompiler.TargetPath = "PrecompiledWeb\nuke\"
		Debug.AspNetCompiler.Updateable = "true"
		Debug.AspNetCompiler.ForceOverwrite = "true"
		Debug.AspNetCompiler.FixedNames = "false"
		Debug.AspNetCompiler.Debug = "True"
		Release.AspNetCompiler.VirtualPath = "/nuke"
		Release.AspNetCompiler.PhysicalPath = "nuke\"
		Release.AspNetCompiler.TargetPath = "PrecompiledWeb\nuke\"
		Release.AspNetCompiler.Updateable = "true"
		Release.AspNetCompiler.ForceOverwrite = "true"
		Release.AspNetCompiler.FixedNames = "false"
		Release.AspNetCompiler.Debug = "False"
		VWDPort = "4879"
	EndProjectSection
EndProject
Global
	GlobalSection(SolutionConfigurationPlatforms) = preSolution
		Debug|Any CPU = Debug|Any CPU
	EndGlobalSection
	GlobalSection(ProjectConfigurationPlatforms) = postSolution
		{AF21E6A8-7695-447B-A97B-00C0D7A9B0ED}.Debug|Any CPU.ActiveCfg = Debug|Any CPU
		{AF21E6A8-7695-447B-A97B-00C0D7A9B0ED}.Debug|Any CPU.Build.0 = Debug|Any CPU
		{487F48D2-7862-4CED-8EF6-A334E43E0AC4}.Debug|Any CPU.ActiveCfg = Debug|Any CPU
		{487F48D2-7862-4CED-8EF6-A334E43E0AC4}.Debug|Any CPU.Build.0 = Debug|Any CPU
	EndGlobalSection
	GlobalSection(SolutionProperties) = preSolution
		HideSolutionNode = FALSE
	EndGlobalSection
EndGlobal
